{
  "name": "jimflix",
  "version": "0.1.0",
  "lockfileVersion": 1,
  "requires": true,
  "dependencies": {
    "eslint-config-prettier": {
      "version": "3.3.0",
      "resolved": "https://registry.npmjs.org/eslint-config-prettier/-/eslint-config-prettier-3.3.0.tgz",
      "integrity": "sha512-Bc3bh5bAcKNvs3HOpSi6EfGA2IIp7EzWcg2tS4vP7stnXu/J1opihHDM7jI9JCIckyIDTgZLSWn7J3HY0j2JfA==",
      "requires": {
        "get-stdin": "6.0.0"
      }
    },
    "get-stdin": {
      "version": "6.0.0",
      "resolved": "https://registry.npmjs.org/get-stdin/-/get-stdin-6.0.0.tgz",
      "integrity": "sha512-jp4tHawyV7+fkkSKyvjuLZswblUtz+SQKzSWnBbii16BuZksJlU1wuBYXY75r+duh/llF1ur6oNwi+2ZzjKZ7g=="
    }
  }
}
